
Microsoft Visual Studio Solution File, Format Version 12.00
# Visual Studio 15
VisualStudioVersion = 15.0.28010.2016
MinimumVisualStudioVersion = 10.0.40219.1
Project("{8BC9CEB8-8B4A-11D0-8D11-00A0C91BC942}") = "4d_Inheritance", "4d_Inheritance\4d_Inheritance.vcxproj", "{B58B1933-6C4C-4A98-83A3-9F320234439D}"
EndProject
Global
	GlobalSection(SolutionConfigurationPlatforms) = preSolution
		Debug|x64 = Debug|x64
		Debug|x86 = Debug|x86
		Release|x64 = Release|x64
		Release|x86 = Release|x86
	EndGlobalSection
	GlobalSection(ProjectConfigurationPlatforms) = postSolution
		{B58B1933-6C4C-4A98-83A3-9F320234439D}.Debug|x64.ActiveCfg = Debug|x64
		{B58B1933-6C4C-4A98-83A3-9F320234439D}.Debug|x64.Build.0 = Debug|x64
		{B58B1933-6C4C-4A98-83A3-9F320234439D}.Debug|x86.ActiveCfg = Debug|Win32
		{B58B1933-6C4C-4A98-83A3-9F320234439D}.Debug|x86.Build.0 = Debug|Win32
		{B58B1933-6C4C-4A98-83A3-9F320234439D}.Release|x64.ActiveCfg = Release|x64
		{B58B1933-6C4C-4A98-83A3-9F320234439D}.Release|x64.Build.0 = Release|x64
		{B58B1933-6C4C-4A98-83A3-9F320234439D}.Release|x86.ActiveCfg = Release|Win32
		{B58B1933-6C4C-4A98-83A3-9F320234439D}.Release|x86.Build.0 = Release|Win32
	EndGlobalSection
	GlobalSection(SolutionProperties) = preSolution
		HideSolutionNode = FALSE
	EndGlobalSection
	GlobalSection(ExtensibilityGlobals) = postSolution
		SolutionGuid = {B72BD648-7E42-4DF8-8B4A-F0C4B2A76FA8}
	EndGlobalSection
EndGlobal
