
Microsoft Visual Studio Solution File, Format Version 12.00
# Visual Studio 15
VisualStudioVersion = 15.0.28010.2016
MinimumVisualStudioVersion = 10.0.40219.1
Project("{8BC9CEB8-8B4A-11D0-8D11-00A0C91BC942}") = "1d_Operators", "1d_Operators\1d_Operators.vcxproj", "{95E2FC32-944D-45C7-810F-069ACDDCEE66}"
EndProject
Global
	GlobalSection(SolutionConfigurationPlatforms) = preSolution
		Debug|x64 = Debug|x64
		Debug|x86 = Debug|x86
		Release|x64 = Release|x64
		Release|x86 = Release|x86
	EndGlobalSection
	GlobalSection(ProjectConfigurationPlatforms) = postSolution
		{95E2FC32-944D-45C7-810F-069ACDDCEE66}.Debug|x64.ActiveCfg = Debug|x64
		{95E2FC32-944D-45C7-810F-069ACDDCEE66}.Debug|x64.Build.0 = Debug|x64
		{95E2FC32-944D-45C7-810F-069ACDDCEE66}.Debug|x86.ActiveCfg = Debug|Win32
		{95E2FC32-944D-45C7-810F-069ACDDCEE66}.Debug|x86.Build.0 = Debug|Win32
		{95E2FC32-944D-45C7-810F-069ACDDCEE66}.Release|x64.ActiveCfg = Release|x64
		{95E2FC32-944D-45C7-810F-069ACDDCEE66}.Release|x64.Build.0 = Release|x64
		{95E2FC32-944D-45C7-810F-069ACDDCEE66}.Release|x86.ActiveCfg = Release|Win32
		{95E2FC32-944D-45C7-810F-069ACDDCEE66}.Release|x86.Build.0 = Release|Win32
	EndGlobalSection
	GlobalSection(SolutionProperties) = preSolution
		HideSolutionNode = FALSE
	EndGlobalSection
	GlobalSection(ExtensibilityGlobals) = postSolution
		SolutionGuid = {7448B452-AAD6-4EBB-A7D4-72948FDCE802}
	EndGlobalSection
EndGlobal
