
Microsoft Visual Studio Solution File, Format Version 12.00
# Visual Studio 15
VisualStudioVersion = 15.0.28010.2016
MinimumVisualStudioVersion = 10.0.40219.1
Project("{8BC9CEB8-8B4A-11D0-8D11-00A0C91BC942}") = "2c_Pointers", "2c_Pointers\2c_Pointers.vcxproj", "{646B7C8F-8FA6-4C66-B253-7A1F4B636BCC}"
EndProject
Global
	GlobalSection(SolutionConfigurationPlatforms) = preSolution
		Debug|x64 = Debug|x64
		Debug|x86 = Debug|x86
		Release|x64 = Release|x64
		Release|x86 = Release|x86
	EndGlobalSection
	GlobalSection(ProjectConfigurationPlatforms) = postSolution
		{646B7C8F-8FA6-4C66-B253-7A1F4B636BCC}.Debug|x64.ActiveCfg = Debug|x64
		{646B7C8F-8FA6-4C66-B253-7A1F4B636BCC}.Debug|x64.Build.0 = Debug|x64
		{646B7C8F-8FA6-4C66-B253-7A1F4B636BCC}.Debug|x86.ActiveCfg = Debug|Win32
		{646B7C8F-8FA6-4C66-B253-7A1F4B636BCC}.Debug|x86.Build.0 = Debug|Win32
		{646B7C8F-8FA6-4C66-B253-7A1F4B636BCC}.Release|x64.ActiveCfg = Release|x64
		{646B7C8F-8FA6-4C66-B253-7A1F4B636BCC}.Release|x64.Build.0 = Release|x64
		{646B7C8F-8FA6-4C66-B253-7A1F4B636BCC}.Release|x86.ActiveCfg = Release|Win32
		{646B7C8F-8FA6-4C66-B253-7A1F4B636BCC}.Release|x86.Build.0 = Release|Win32
	EndGlobalSection
	GlobalSection(SolutionProperties) = preSolution
		HideSolutionNode = FALSE
	EndGlobalSection
	GlobalSection(ExtensibilityGlobals) = postSolution
		SolutionGuid = {33B0187B-8E70-41A9-91A2-DB59064B77C5}
	EndGlobalSection
EndGlobal
